PODS:
  - AFNetworking (2.2.3):
    - AFNetworking/NSURLConnection
    - AFNetworking/NSURLSession
    - AFNetworking/Reachability
    - AFNetworking/Security
    - AFNetworking/Serialization
    - AFNetworking/UIKit
  - AFNetworking/NSURLConnection (2.2.3):
    - AFNetworking/Reachability
    - AFNetworking/Security
    - AFNetworking/Serialization
  - AFNetworking/NSURLSession (2.2.3):
    - AFNetworking/NSURLConnection
  - AFNetworking/Reachability (2.2.3)
  - AFNetworking/Security (2.2.3)
  - AFNetworking/Serialization (2.2.3)
  - AFNetworking/UIKit (2.2.3):
    - AFNetworking/NSURLConnection
    - AFNetworking/NSURLSession
  - ObjectiveSugar (0.9)
  - Straw (0.3.4)

DEPENDENCIES:
  - AFNetworking (~> 2.0)
  - ObjectiveSugar (~> 0.5)
  - Straw (from `https://github.com/strawjs/straw-ios.git`, tag `v0.3.4`)

EXTERNAL SOURCES:
  Straw:
    :git: https://github.com/strawjs/straw-ios.git
    :tag: v0.3.4

SPEC CHECKSUMS:
  AFNetworking: 47947303319594706f48a55185ea95a95159ab94
  ObjectiveSugar: a799ab2bac00846d38e881bde3ec0d38e8ea8762
  Straw: e883730eb41beb01520489507a0ac873dd47ff5a

COCOAPODS: 0.32.1
