PODS:
  - AFNetworking (2.2.3):
    - AFNetworking/NSURLConnection
    - AFNetworking/NSURLSession
    - AFNetworking/Reachability
    - AFNetworking/Security
    - AFNetworking/Serialization
    - AFNetworking/UIKit
  - AFNetworking/NSURLConnection (2.2.3):
    - AFNetworking/Reachability
    - AFNetworking/Security
    - AFNetworking/Serialization
  - AFNetworking/NSURLSession (2.2.3):
    - AFNetworking/NSURLConnection
  - AFNetworking/Reachability (2.2.3)
  - AFNetworking/Security (2.2.3)
  - AFNetworking/Serialization (2.2.3)
  - AFNetworking/UIKit (2.2.3):
    - AFNetworking/NSURLConnection
    - AFNetworking/NSURLSession
  - ObjectiveSugar (0.9)
  - Straw (0.3.0)

DEPENDENCIES:
  - AFNetworking (~> 2.0)
  - ObjectiveSugar (~> 0.5)
  - Straw (from `https://github.com/strawjs/straw-ios.git`, tag `v0.3.0`)

EXTERNAL SOURCES:
  Straw:
    :git: https://github.com/strawjs/straw-ios.git
    :tag: v0.3.0

SPEC CHECKSUMS:
  AFNetworking: ae513199cca79e9d7af2708ccabe2ed075550c42
  ObjectiveSugar: 8aa74f81fb08a78a13bc691e8ad7285b042238d2
  Straw: fecf95d05dd3f3290d36b73621f320b14ad0f557

COCOAPODS: 0.32.1
